
Microsoft Visual Studio Solution File, Format Version 12.00
# Visual Studio Version 16
VisualStudioVersion = 16.0.29306.81
MinimumVisualStudioVersion = 10.0.40219.1
Project("{FAE04EC0-301F-11D3-BF4B-00C04F79EFBC}") = "PokerGUI", "PokerGUI\PokerGUI.csproj", "{44599870-97DF-4E88-8AEA-B4150E976CEF}"
EndProject
Project("{FAE04EC0-301F-11D3-BF4B-00C04F79EFBC}") = "PokerLibrary", "PokerLibrary\PokerLibrary.csproj", "{95D4C94E-3DD9-442D-8C32-2A4671BE675B}"
EndProject
Global
	GlobalSection(SolutionConfigurationPlatforms) = preSolution
		Debug|Any CPU = Debug|Any CPU
		Release|Any CPU = Release|Any CPU
	EndGlobalSection
	GlobalSection(ProjectConfigurationPlatforms) = postSolution
		{44599870-97DF-4E88-8AEA-B4150E976CEF}.Debug|Any CPU.ActiveCfg = Debug|Any CPU
		{44599870-97DF-4E88-8AEA-B4150E976CEF}.Debug|Any CPU.Build.0 = Debug|Any CPU
		{44599870-97DF-4E88-8AEA-B4150E976CEF}.Release|Any CPU.ActiveCfg = Release|Any CPU
		{44599870-97DF-4E88-8AEA-B4150E976CEF}.Release|Any CPU.Build.0 = Release|Any CPU
		{95D4C94E-3DD9-442D-8C32-2A4671BE675B}.Debug|Any CPU.ActiveCfg = Debug|Any CPU
		{95D4C94E-3DD9-442D-8C32-2A4671BE675B}.Debug|Any CPU.Build.0 = Debug|Any CPU
		{95D4C94E-3DD9-442D-8C32-2A4671BE675B}.Release|Any CPU.ActiveCfg = Release|Any CPU
		{95D4C94E-3DD9-442D-8C32-2A4671BE675B}.Release|Any CPU.Build.0 = Release|Any CPU
	EndGlobalSection
	GlobalSection(SolutionProperties) = preSolution
		HideSolutionNode = FALSE
	EndGlobalSection
	GlobalSection(ExtensibilityGlobals) = postSolution
		SolutionGuid = {03BE3DAE-C9AB-4B83-B70E-99283724DCF3}
	EndGlobalSection
EndGlobal
